lockfileVersion: '9.0'

settings:
  autoInstallPeers: true
  excludeLinksFromLockfile: false

importers:

  .:
    dependencies:
      argon2:
        specifier: ^0.41.1
        version: 0.41.1
      libsql:
        specifier: ^0.4.6
        version: 0.4.6
      zod:
        specifier: ^3.23.8
        version: 3.23.8
    devDependencies:
      '@types/node':
        specifier: ^22.7.5
        version: 22.7.5

packages:

  '@libsql/darwin-arm64@0.4.6':
    resolution: {integrity: sha512-45i604CJ2Lubbg7NqtDodjarF6VgST8rS5R8xB++MoRqixtDns9PZ6tocT9pRJDWuTWEiy2sjthPOFWMKwYAsg==}
    cpu: [arm64]
    os: [darwin]

  '@libsql/darwin-x64@0.4.6':
    resolution: {integrity: sha512-dRKliflhfr5zOPSNgNJ6C2nZDd4YA8bTXF3MUNqNkcxQ8BffaH9uUwL9kMq89LkFIZQHcyP75bBgZctxfJ/H5Q==}
    cpu: [x64]
    os: [darwin]

  '@libsql/linux-arm64-gnu@0.4.6':
    resolution: {integrity: sha512-DMPavVyY6vYPAYcQR1iOotHszg+5xSjHSg6F9kNecPX0KKdGq84zuPJmORfKOPtaWvzPewNFdML/e+s1fu09XQ==}
    cpu: [arm64]
    os: [linux]

  '@libsql/linux-arm64-musl@0.4.6':
    resolution: {integrity: sha512-whuHSYAZyclGjM3L0mKGXyWqdAy7qYvPPn+J1ve7FtGkFlM0DiIPjA5K30aWSGJSRh72sD9DBZfnu8CpfSjT6w==}
    cpu: [arm64]
    os: [linux]

  '@libsql/linux-x64-gnu@0.4.6':
    resolution: {integrity: sha512-0ggx+5RwEbYabIlDBBAvavdfIJCZ757u6nDZtBeQIhzW99EKbWG3lvkXHM3qudFb/pDWSUY4RFBm6vVtF1cJGA==}
    cpu: [x64]
    os: [linux]

  '@libsql/linux-x64-musl@0.4.6':
    resolution: {integrity: sha512-SWNrv7Hz72QWlbM/ZsbL35MPopZavqCUmQz2HNDZ55t0F+kt8pXuP+bbI2KvmaQ7wdsoqAA4qBmjol0+bh4ndw==}
    cpu: [x64]
    os: [linux]

  '@libsql/win32-x64-msvc@0.4.6':
    resolution: {integrity: sha512-Q0axn110zDNELfkEog3Nl8p9BU4eI/UvgaHevGyOiSDN7s0KPfj0j6jwVHk4oz3o/d/Gg3DRIxomZ4ftfTOy/g==}
    cpu: [x64]
    os: [win32]

  '@neon-rs/load@0.0.4':
    resolution: {integrity: sha512-kTPhdZyTQxB+2wpiRcFWrDcejc4JI6tkPuS7UZCG4l6Zvc5kU/gGQ/ozvHTh1XR5tS+UlfAfGuPajjzQjCiHCw==}

  '@phc/format@1.0.0':
    resolution: {integrity: sha512-m7X9U6BG2+J+R1lSOdCiITLLrxm+cWlNI3HUFA92oLO77ObGNzaKdh8pMLqdZcshtkKuV84olNNXDfMc4FezBQ==}
    engines: {node: '>=10'}

  '@types/node@22.7.5':
    resolution: {integrity: sha512-jML7s2NAzMWc//QSJ1a3prpk78cOPchGvXJsC3C6R6PSMoooztvRVQEz89gmBTBY1SPMaqo5teB4uNHPdetShQ==}

  argon2@0.41.1:
    resolution: {integrity: sha512-dqCW8kJXke8Ik+McUcMDltrbuAWETPyU6iq+4AhxqKphWi7pChB/Zgd/Tp/o8xRLbg8ksMj46F/vph9wnxpTzQ==}
    engines: {node: '>=16.17.0'}

  detect-libc@2.0.2:
    resolution: {integrity: sha512-UX6sGumvvqSaXgdKGUsgZWqcUyIXZ/vZTrlRT/iobiKhGL0zL4d3osHj3uqllWJK+i+sixDS/3COVEOFbupFyw==}
    engines: {node: '>=8'}

  libsql@0.4.6:
    resolution: {integrity: sha512-F5M+ltteK6dCcpjMahrkgT96uFJvVI8aQ4r9f2AzHQjC7BkAYtvfMSTWGvRBezRgMUIU2h1Sy0pF9nOGOD5iyA==}
    os: [darwin, linux, win32]

  node-addon-api@8.1.0:
    resolution: {integrity: sha512-yBY+qqWSv3dWKGODD6OGE6GnTX7Q2r+4+DfpqxHSHh8x0B4EKP9+wVGLS6U/AM1vxSNNmUEuIV5EGhYwPpfOwQ==}
    engines: {node: ^18 || ^20 || >= 21}

  node-gyp-build@4.8.2:
    resolution: {integrity: sha512-IRUxE4BVsHWXkV/SFOut4qTlagw2aM8T5/vnTsmrHJvVoKueJHRc/JaFND7QDDc61kLYUJ6qlZM3sqTSyx2dTw==}
    hasBin: true

  undici-types@6.19.8:
    resolution: {integrity: sha512-ve2KP6f/JnbPBFyobGHuerC9g1FYGn/F8n1LWTwNxCEzd6IfqTwUQcNXgEtmmQ6DlRrC1hrSrBnCZPokRrDHjw==}

  zod@3.23.8:
    resolution: {integrity: sha512-XBx9AXhXktjUqnepgTiE5flcKIYWi/rme0Eaj+5Y0lftuGBq+jyRu/md4WnuxqgP1ubdpNCsYEYPxrzVHD8d6g==}

snapshots:

  '@libsql/darwin-arm64@0.4.6':
    optional: true

  '@libsql/darwin-x64@0.4.6':
    optional: true

  '@libsql/linux-arm64-gnu@0.4.6':
    optional: true

  '@libsql/linux-arm64-musl@0.4.6':
    optional: true

  '@libsql/linux-x64-gnu@0.4.6':
    optional: true

  '@libsql/linux-x64-musl@0.4.6':
    optional: true

  '@libsql/win32-x64-msvc@0.4.6':
    optional: true

  '@neon-rs/load@0.0.4': {}

  '@phc/format@1.0.0': {}

  '@types/node@22.7.5':
    dependencies:
      undici-types: 6.19.8

  argon2@0.41.1:
    dependencies:
      '@phc/format': 1.0.0
      node-addon-api: 8.1.0
      node-gyp-build: 4.8.2

  detect-libc@2.0.2: {}

  libsql@0.4.6:
    dependencies:
      '@neon-rs/load': 0.0.4
      detect-libc: 2.0.2
    optionalDependencies:
      '@libsql/darwin-arm64': 0.4.6
      '@libsql/darwin-x64': 0.4.6
      '@libsql/linux-arm64-gnu': 0.4.6
      '@libsql/linux-arm64-musl': 0.4.6
      '@libsql/linux-x64-gnu': 0.4.6
      '@libsql/linux-x64-musl': 0.4.6
      '@libsql/win32-x64-msvc': 0.4.6

  node-addon-api@8.1.0: {}

  node-gyp-build@4.8.2: {}

  undici-types@6.19.8: {}

  zod@3.23.8: {}
